
Microsoft Visual Studio Solution File, Format Version 12.00
# Visual Studio 2013
VisualStudioVersion = 12.0.21005.1
MinimumVisualStudioVersion = 10.0.40219.1
Project("{FAE04EC0-301F-11D3-BF4B-00C04F79EFBC}") = "BusinessRulesEngine", "BusinessRulesEngine\BusinessRulesEngine.csproj", "{36F84941-9BA9-4672-9928-F3CBA47903D6}"
EndProject
Project("{FAE04EC0-301F-11D3-BF4B-00C04F79EFBC}") = "BusinessRulesEngineBL", "BusinessRulesEngineBL\BusinessRulesEngineBL.csproj", "{5D90D1F1-0DD7-414D-969B-C5919A1318B1}"
EndProject
Project("{FAE04EC0-301F-11D3-BF4B-00C04F79EFBC}") = "BusinessRulesEngineHelper", "BusinessRulesEngineHelper\BusinessRulesEngineHelper.csproj", "{834AF547-62F7-46A4-A17D-671E1E6D9A80}"
EndProject
Project("{FAE04EC0-301F-11D3-BF4B-00C04F79EFBC}") = "BusinessRulesEngine.UnitTest", "BusinessRulesEngine.UnitTest\BusinessRulesEngine.UnitTest.csproj", "{8EC644D5-BAF2-444D-BA26-9B52221F50FC}"
EndProject
Global
	GlobalSection(SolutionConfigurationPlatforms) = preSolution
		Debug|Any CPU = Debug|Any CPU
		Release|Any CPU = Release|Any CPU
	EndGlobalSection
	GlobalSection(ProjectConfigurationPlatforms) = postSolution
		{36F84941-9BA9-4672-9928-F3CBA47903D6}.Debug|Any CPU.ActiveCfg = Debug|Any CPU
		{36F84941-9BA9-4672-9928-F3CBA47903D6}.Debug|Any CPU.Build.0 = Debug|Any CPU
		{36F84941-9BA9-4672-9928-F3CBA47903D6}.Release|Any CPU.ActiveCfg = Release|Any CPU
		{36F84941-9BA9-4672-9928-F3CBA47903D6}.Release|Any CPU.Build.0 = Release|Any CPU
		{5D90D1F1-0DD7-414D-969B-C5919A1318B1}.Debug|Any CPU.ActiveCfg = Debug|Any CPU
		{5D90D1F1-0DD7-414D-969B-C5919A1318B1}.Debug|Any CPU.Build.0 = Debug|Any CPU
		{5D90D1F1-0DD7-414D-969B-C5919A1318B1}.Release|Any CPU.ActiveCfg = Release|Any CPU
		{5D90D1F1-0DD7-414D-969B-C5919A1318B1}.Release|Any CPU.Build.0 = Release|Any CPU
		{834AF547-62F7-46A4-A17D-671E1E6D9A80}.Debug|Any CPU.ActiveCfg = Debug|Any CPU
		{834AF547-62F7-46A4-A17D-671E1E6D9A80}.Debug|Any CPU.Build.0 = Debug|Any CPU
		{834AF547-62F7-46A4-A17D-671E1E6D9A80}.Release|Any CPU.ActiveCfg = Release|Any CPU
		{834AF547-62F7-46A4-A17D-671E1E6D9A80}.Release|Any CPU.Build.0 = Release|Any CPU
		{8EC644D5-BAF2-444D-BA26-9B52221F50FC}.Debug|Any CPU.ActiveCfg = Debug|Any CPU
		{8EC644D5-BAF2-444D-BA26-9B52221F50FC}.Debug|Any CPU.Build.0 = Debug|Any CPU
		{8EC644D5-BAF2-444D-BA26-9B52221F50FC}.Release|Any CPU.ActiveCfg = Release|Any CPU
		{8EC644D5-BAF2-444D-BA26-9B52221F50FC}.Release|Any CPU.Build.0 = Release|Any CPU
	EndGlobalSection
	GlobalSection(SolutionProperties) = preSolution
		HideSolutionNode = FALSE
	EndGlobalSection
EndGlobal
